
Microsoft Visual Studio Solution File, Format Version 12.00
# Visual Studio Version 17
VisualStudioVersion = 17.0.31912.275
MinimumVisualStudioVersion = 10.0.40219.1
Project("{FAE04EC0-301F-11D3-BF4B-00C04F79EFBC}") = "MathService", "MathService\MathService.csproj", "{E7663999-CFBA-4C1C-8AA0-A632570F94A4}"
EndProject
Project("{FAE04EC0-301F-11D3-BF4B-00C04F79EFBC}") = "MathServiceTestApp", "MathServiceTestApp\MathServiceTestApp.csproj", "{7C58865A-60C0-4283-B39C-20F7997796BA}"
EndProject
Global
	GlobalSection(SolutionConfigurationPlatforms) = preSolution
		Debug|Any CPU = Debug|Any CPU
		Release|Any CPU = Release|Any CPU
	EndGlobalSection
	GlobalSection(ProjectConfigurationPlatforms) = postSolution
		{E7663999-CFBA-4C1C-8AA0-A632570F94A4}.Debug|Any CPU.ActiveCfg = Debug|Any CPU
		{E7663999-CFBA-4C1C-8AA0-A632570F94A4}.Debug|Any CPU.Build.0 = Debug|Any CPU
		{E7663999-CFBA-4C1C-8AA0-A632570F94A4}.Release|Any CPU.ActiveCfg = Release|Any CPU
		{E7663999-CFBA-4C1C-8AA0-A632570F94A4}.Release|Any CPU.Build.0 = Release|Any CPU
		{7C58865A-60C0-4283-B39C-20F7997796BA}.Debug|Any CPU.ActiveCfg = Debug|Any CPU
		{7C58865A-60C0-4283-B39C-20F7997796BA}.Debug|Any CPU.Build.0 = Debug|Any CPU
		{7C58865A-60C0-4283-B39C-20F7997796BA}.Release|Any CPU.ActiveCfg = Release|Any CPU
		{7C58865A-60C0-4283-B39C-20F7997796BA}.Release|Any CPU.Build.0 = Release|Any CPU
	EndGlobalSection
	GlobalSection(SolutionProperties) = preSolution
		HideSolutionNode = FALSE
	EndGlobalSection
	GlobalSection(ExtensibilityGlobals) = postSolution
		SolutionGuid = {9A192B78-DABD-4075-B121-9EDBAF35509F}
	EndGlobalSection
EndGlobal
